
Microsoft Visual Studio Solution File, Format Version 12.00
# Visual Studio Version 17
VisualStudioVersion = 17.12.35506.116 d17.12
MinimumVisualStudioVersion = 10.0.40219.1
Project("{FAE04EC0-301F-11D3-BF4B-00C04F79EFBC}") = "3 зд", "3 зд.csproj", "{F974516A-766E-4E30-9D1D-6249A59E6021}"
EndProject
Global
	GlobalSection(SolutionConfigurationPlatforms) = preSolution
		Debug|Any CPU = Debug|Any CPU
		Release|Any CPU = Release|Any CPU
	EndGlobalSection
	GlobalSection(ProjectConfigurationPlatforms) = postSolution
		{F974516A-766E-4E30-9D1D-6249A59E6021}.Debug|Any CPU.ActiveCfg = Debug|Any CPU
		{F974516A-766E-4E30-9D1D-6249A59E6021}.Debug|Any CPU.Build.0 = Debug|Any CPU
		{F974516A-766E-4E30-9D1D-6249A59E6021}.Release|Any CPU.ActiveCfg = Release|Any CPU
		{F974516A-766E-4E30-9D1D-6249A59E6021}.Release|Any CPU.Build.0 = Release|Any CPU
	EndGlobalSection
	GlobalSection(SolutionProperties) = preSolution
		HideSolutionNode = FALSE
	EndGlobalSection
EndGlobal
